
Microsoft Visual Studio Solution File, Format Version 12.00
# Visual Studio 15
VisualStudioVersion = 15.0.28307.1082
MinimumVisualStudioVersion = 10.0.40219.1
Project("{8BC9CEB8-8B4A-11D0-8D11-00A0C91BC942}") = "monete", "monete\monete.vcxproj", "{E47B24B7-BDFC-4048-A1AA-5E1822F8FC76}"
EndProject
Global
	GlobalSection(SolutionConfigurationPlatforms) = preSolution
		Debug|x64 = Debug|x64
		Debug|x86 = Debug|x86
		Release|x64 = Release|x64
		Release|x86 = Release|x86
	EndGlobalSection
	GlobalSection(ProjectConfigurationPlatforms) = postSolution
		{E47B24B7-BDFC-4048-A1AA-5E1822F8FC76}.Debug|x64.ActiveCfg = Debug|x64
		{E47B24B7-BDFC-4048-A1AA-5E1822F8FC76}.Debug|x64.Build.0 = Debug|x64
		{E47B24B7-BDFC-4048-A1AA-5E1822F8FC76}.Debug|x86.ActiveCfg = Debug|Win32
		{E47B24B7-BDFC-4048-A1AA-5E1822F8FC76}.Debug|x86.Build.0 = Debug|Win32
		{E47B24B7-BDFC-4048-A1AA-5E1822F8FC76}.Release|x64.ActiveCfg = Release|x64
		{E47B24B7-BDFC-4048-A1AA-5E1822F8FC76}.Release|x64.Build.0 = Release|x64
		{E47B24B7-BDFC-4048-A1AA-5E1822F8FC76}.Release|x86.ActiveCfg = Release|Win32
		{E47B24B7-BDFC-4048-A1AA-5E1822F8FC76}.Release|x86.Build.0 = Release|Win32
	EndGlobalSection
	GlobalSection(SolutionProperties) = preSolution
		HideSolutionNode = FALSE
	EndGlobalSection
	GlobalSection(ExtensibilityGlobals) = postSolution
		SolutionGuid = {21080C64-FD79-4105-9284-3E9683E9B129}
	EndGlobalSection
EndGlobal
